
Microsoft Visual Studio Solution File, Format Version 12.00
# Visual Studio Version 16
VisualStudioVersion = 16.0.31321.278
MinimumVisualStudioVersion = 10.0.40219.1
Project("{9A19103F-16F7-4668-BE54-9A1E7A4F7556}") = "Avanade.SubTCSE.Projeto.API", "Avanade.SubTCSE.Projeto.API\Avanade.SubTCSE.Projeto.API.csproj", "{240026C6-9C63-419D-B15F-61F7A6E39BFE}"
EndProject
Project("{2150E333-8FDC-42A3-9474-1A3956D46DE8}") = "0-AppService", "0-AppService", "{FC6D9076-E509-4AE1-AEFA-4D5CE26F0864}"
EndProject
Project("{2150E333-8FDC-42A3-9474-1A3956D46DE8}") = "1-Application", "1-Application", "{5EBC6766-5815-4C36-B6A0-3F871E5842EB}"
EndProject
Project("{2150E333-8FDC-42A3-9474-1A3956D46DE8}") = "2-Domain", "2-Domain", "{6EF71DAD-5485-47D3-A075-A60C847CCFF3}"
EndProject
Project("{2150E333-8FDC-42A3-9474-1A3956D46DE8}") = "3-Infra", "3-Infra", "{5879A14D-BAC6-453F-9ED6-40B65405B707}"
EndProject
Project("{2150E333-8FDC-42A3-9474-1A3956D46DE8}") = "4-Test", "4-Test", "{0EC7C411-0E99-4997-B17D-539D2EACF69B}"
EndProject
Project("{2150E333-8FDC-42A3-9474-1A3956D46DE8}") = "3.1-CrossCutting", "3.1-CrossCutting", "{692A1047-B7A7-4708-89D7-08112E3A0D2D}"
EndProject
Project("{2150E333-8FDC-42A3-9474-1A3956D46DE8}") = "3.2-Data", "3.2-Data", "{DC8B8857-2AF2-487B-9909-344A8053F0EC}"
EndProject
Project("{FAE04EC0-301F-11D3-BF4B-00C04F79EFBC}") = "Avanade.SubTCSE.Projeto.Application", "Avanade.SubTCSE.Projeto.Application\Avanade.SubTCSE.Projeto.Application.csproj", "{2FC16572-D07D-437E-8303-CD010FE529AD}"
EndProject
Project("{FAE04EC0-301F-11D3-BF4B-00C04F79EFBC}") = "Avanade.SubTCSE.Projeto.Domain", "Avanade.SubTCSE.Projeto.Domain\Avanade.SubTCSE.Projeto.Domain.csproj", "{1BC1530F-D801-4384-A0D2-A57DB2D6900C}"
EndProject
Project("{FAE04EC0-301F-11D3-BF4B-00C04F79EFBC}") = "Avanade.SubTCSE.Projeto.CrossCutting", "Avanade.SubTCSE.Projeto.CrossCutting\Avanade.SubTCSE.Projeto.CrossCutting.csproj", "{B92B2699-F715-4E6E-B9D6-489FAAEBCBDA}"
EndProject
Project("{FAE04EC0-301F-11D3-BF4B-00C04F79EFBC}") = "Avanade.SubTCSE.Projeto.Data", "Avanade.SubTCSE.Projeto.Data\Avanade.SubTCSE.Projeto.Data.csproj", "{0CD76A41-5C6B-4BDA-9F9E-2291A443A2F4}"
EndProject
Global
	GlobalSection(SolutionConfigurationPlatforms) = preSolution
		Debug|Any CPU = Debug|Any CPU
		Release|Any CPU = Release|Any CPU
	EndGlobalSection
	GlobalSection(ProjectConfigurationPlatforms) = postSolution
		{240026C6-9C63-419D-B15F-61F7A6E39BFE}.Debug|Any CPU.ActiveCfg = Debug|Any CPU
		{240026C6-9C63-419D-B15F-61F7A6E39BFE}.Debug|Any CPU.Build.0 = Debug|Any CPU
		{240026C6-9C63-419D-B15F-61F7A6E39BFE}.Release|Any CPU.ActiveCfg = Release|Any CPU
		{240026C6-9C63-419D-B15F-61F7A6E39BFE}.Release|Any CPU.Build.0 = Release|Any CPU
		{2FC16572-D07D-437E-8303-CD010FE529AD}.Debug|Any CPU.ActiveCfg = Debug|Any CPU
		{2FC16572-D07D-437E-8303-CD010FE529AD}.Debug|Any CPU.Build.0 = Debug|Any CPU
		{2FC16572-D07D-437E-8303-CD010FE529AD}.Release|Any CPU.ActiveCfg = Release|Any CPU
		{2FC16572-D07D-437E-8303-CD010FE529AD}.Release|Any CPU.Build.0 = Release|Any CPU
		{1BC1530F-D801-4384-A0D2-A57DB2D6900C}.Debug|Any CPU.ActiveCfg = Debug|Any CPU
		{1BC1530F-D801-4384-A0D2-A57DB2D6900C}.Debug|Any CPU.Build.0 = Debug|Any CPU
		{1BC1530F-D801-4384-A0D2-A57DB2D6900C}.Release|Any CPU.ActiveCfg = Release|Any CPU
		{1BC1530F-D801-4384-A0D2-A57DB2D6900C}.Release|Any CPU.Build.0 = Release|Any CPU
		{B92B2699-F715-4E6E-B9D6-489FAAEBCBDA}.Debug|Any CPU.ActiveCfg = Debug|Any CPU
		{B92B2699-F715-4E6E-B9D6-489FAAEBCBDA}.Debug|Any CPU.Build.0 = Debug|Any CPU
		{B92B2699-F715-4E6E-B9D6-489FAAEBCBDA}.Release|Any CPU.ActiveCfg = Release|Any CPU
		{B92B2699-F715-4E6E-B9D6-489FAAEBCBDA}.Release|Any CPU.Build.0 = Release|Any CPU
		{0CD76A41-5C6B-4BDA-9F9E-2291A443A2F4}.Debug|Any CPU.ActiveCfg = Debug|Any CPU
		{0CD76A41-5C6B-4BDA-9F9E-2291A443A2F4}.Debug|Any CPU.Build.0 = Debug|Any CPU
		{0CD76A41-5C6B-4BDA-9F9E-2291A443A2F4}.Release|Any CPU.ActiveCfg = Release|Any CPU
		{0CD76A41-5C6B-4BDA-9F9E-2291A443A2F4}.Release|Any CPU.Build.0 = Release|Any CPU
	EndGlobalSection
	GlobalSection(SolutionProperties) = preSolution
		HideSolutionNode = FALSE
	EndGlobalSection
	GlobalSection(NestedProjects) = preSolution
		{240026C6-9C63-419D-B15F-61F7A6E39BFE} = {FC6D9076-E509-4AE1-AEFA-4D5CE26F0864}
		{692A1047-B7A7-4708-89D7-08112E3A0D2D} = {5879A14D-BAC6-453F-9ED6-40B65405B707}
		{DC8B8857-2AF2-487B-9909-344A8053F0EC} = {5879A14D-BAC6-453F-9ED6-40B65405B707}
		{2FC16572-D07D-437E-8303-CD010FE529AD} = {5EBC6766-5815-4C36-B6A0-3F871E5842EB}
		{1BC1530F-D801-4384-A0D2-A57DB2D6900C} = {6EF71DAD-5485-47D3-A075-A60C847CCFF3}
		{B92B2699-F715-4E6E-B9D6-489FAAEBCBDA} = {692A1047-B7A7-4708-89D7-08112E3A0D2D}
		{0CD76A41-5C6B-4BDA-9F9E-2291A443A2F4} = {DC8B8857-2AF2-487B-9909-344A8053F0EC}
	EndGlobalSection
	GlobalSection(ExtensibilityGlobals) = postSolution
		SolutionGuid = {569E012E-F9D4-45EC-8D4A-310D81D8D147}
	EndGlobalSection
EndGlobal
