
Microsoft Visual Studio Solution File, Format Version 12.00
# Visual Studio Version 16
VisualStudioVersion = 16.0.31321.278
MinimumVisualStudioVersion = 10.0.40219.1
Project("{FAE04EC0-301F-11D3-BF4B-00C04F79EFBC}") = "Avanade.SubTCSE.Projeto.API", "Avanade.SubTCSE.Projeto.API\Avanade.SubTCSE.Projeto.API.csproj", "{240026C6-9C63-419D-B15F-61F7A6E39BFE}"
EndProject
Global
	GlobalSection(SolutionConfigurationPlatforms) = preSolution
		Debug|Any CPU = Debug|Any CPU
		Release|Any CPU = Release|Any CPU
	EndGlobalSection
	GlobalSection(ProjectConfigurationPlatforms) = postSolution
		{240026C6-9C63-419D-B15F-61F7A6E39BFE}.Debug|Any CPU.ActiveCfg = Debug|Any CPU
		{240026C6-9C63-419D-B15F-61F7A6E39BFE}.Debug|Any CPU.Build.0 = Debug|Any CPU
		{240026C6-9C63-419D-B15F-61F7A6E39BFE}.Release|Any CPU.ActiveCfg = Release|Any CPU
		{240026C6-9C63-419D-B15F-61F7A6E39BFE}.Release|Any CPU.Build.0 = Release|Any CPU
	EndGlobalSection
	GlobalSection(SolutionProperties) = preSolution
		HideSolutionNode = FALSE
	EndGlobalSection
	GlobalSection(ExtensibilityGlobals) = postSolution
		SolutionGuid = {569E012E-F9D4-45EC-8D4A-310D81D8D147}
	EndGlobalSection
EndGlobal
